<?xml version="1.0" encoding="utf-8"?>
<Project ToolsVersion="4.0" xmlns="http://schemas.microsoft.com/developer/msbuild/2003">
  <ItemGroup>
    <Filter Include="Archivos de origen">
      <UniqueIdentifier>{4FC737F1-C7A5-4376-A066-2A32D752A2FF}</UniqueIdentifier>
      <Extensions>cpp;c;cc;cxx;def;odl;idl;hpj;bat;asm;asmx</Extensions>
    </Filter>
    <Filter Include="Archivos de encabezado">
      <UniqueIdentifier>{93995380-89BD-4b04-88EB-625FBE52EBFB}</UniqueIdentifier>
      <Extensions>h;hh;hpp;hxx;hm;inl;inc;ipp;xsd</Extensions>
    </Filter>
    <Filter Include="Archivos de recursos">
      <UniqueIdentifier>{67DA6AB6-F800-4c08-8B7A-83BB121AAD01}</UniqueIdentifier>
      <Extensions>rc;ico;cur;bmp;dlg;rc2;rct;bin;rgs;gif;jpg;jpeg;jpe;resx;tiff;tif;png;wav;mfcribbon-ms</Extensions>
    </Filter>
  </ItemGroup>
  <ItemGroup>
    <ClInclude Include="defines.h">
      <Filter>Archivos de encabezado</Filter>
    </ClInclude>
    <ClInclude Include="floor.h">
      <Filter>Archivos de encabezado</Filter>
    </ClInclude>
    <ClInclude Include="point.h">
      <Filter>Archivos de encabezado</Filter>
    </ClInclude>
    <ClInclude Include="robot.h">
      <Filter>Archivos de encabezado</Filter>
    </ClInclude>
    <ClInclude Include="simulation.h">
      <Filter>Archivos de encabezado</Filter>
    </ClInclude>
    <ClInclude Include="parsecmd.h">
      <Filter>Archivos de encabezado</Filter>
    </ClInclude>
    <ClInclude Include="parse_callback.h">
      <Filter>Archivos de encabezado</Filter>
    </ClInclude>
    <ClInclude Include="allegro_start_shutdown.h">
      <Filter>Archivos de encabezado</Filter>
    </ClInclude>
    <ClInclude Include="graph.h">
      <Filter>Archivos de encabezado</Filter>
    </ClInclude>
  </ItemGroup>
  <ItemGroup>
    <ClCompile Include="floor.cpp">
      <Filter>Archivos de origen</Filter>
    </ClCompile>
    <ClCompile Include="main.cpp">
      <Filter>Archivos de origen</Filter>
    </ClCompile>
    <ClCompile Include="point.cpp">
      <Filter>Archivos de origen</Filter>
    </ClCompile>
    <ClCompile Include="robot.cpp">
      <Filter>Archivos de origen</Filter>
    </ClCompile>
    <ClCompile Include="simulation.cpp">
      <Filter>Archivos de origen</Filter>
    </ClCompile>
    <ClCompile Include="Parsecmd.cpp">
      <Filter>Archivos de origen</Filter>
    </ClCompile>
    <ClCompile Include="allegro_start_shutdown.cpp">
      <Filter>Archivos de origen</Filter>
    </ClCompile>
    <ClCompile Include="parse_callback.cpp">
      <Filter>Archivos de origen</Filter>
    </ClCompile>
    <ClCompile Include="graph.cpp">
      <Filter>Archivos de origen</Filter>
    </ClCompile>
  </ItemGroup>
  <ItemGroup>
    <None Include="packages.config" />
  </ItemGroup>
  <ItemGroup>
    <Image Include="cleanfile.png">
      <Filter>Archivos de recursos</Filter>
    </Image>
    <Image Include="dirtyfile.png">
      <Filter>Archivos de recursos</Filter>
    </Image>
    <Image Include="botfile.png">
      <Filter>Archivos de recursos</Filter>
    </Image>
    <Image Include="background.png">
      <Filter>Archivos de recursos</Filter>
    </Image>
  </ItemGroup>
  <ItemGroup>
    <Media Include="pacman_chomp.wav">
      <Filter>Archivos de recursos</Filter>
    </Media>
    <Media Include="pacman_lose.wav">
      <Filter>Archivos de recursos</Filter>
    </Media>
  </ItemGroup>
</Project>